
Microsoft Visual Studio Solution File, Format Version 12.00
# Visual Studio Version 17
VisualStudioVersion = 17.11.35327.3
MinimumVisualStudioVersion = 10.0.40219.1
Project("{FAE04EC0-301F-11D3-BF4B-00C04F79EFBC}") = "WinForms", "WinForms\WinForms.csproj", "{069FC18B-714D-4F0B-8BE6-682129E9B5FB}"
EndProject
Global
	GlobalSection(SolutionConfigurationPlatforms) = preSolution
		Debug|Any CPU = Debug|Any CPU
		Release|Any CPU = Release|Any CPU
	EndGlobalSection
	GlobalSection(ProjectConfigurationPlatforms) = postSolution
		{069FC18B-714D-4F0B-8BE6-682129E9B5FB}.Debug|Any CPU.ActiveCfg = Debug|Any CPU
		{069FC18B-714D-4F0B-8BE6-682129E9B5FB}.Debug|Any CPU.Build.0 = Debug|Any CPU
		{069FC18B-714D-4F0B-8BE6-682129E9B5FB}.Release|Any CPU.ActiveCfg = Release|Any CPU
		{069FC18B-714D-4F0B-8BE6-682129E9B5FB}.Release|Any CPU.Build.0 = Release|Any CPU
	EndGlobalSection
	GlobalSection(SolutionProperties) = preSolution
		HideSolutionNode = FALSE
	EndGlobalSection
	GlobalSection(ExtensibilityGlobals) = postSolution
		SolutionGuid = {C2952268-7A0A-494E-AA33-72D0A3ACEA4E}
	EndGlobalSection
EndGlobal
